
Microsoft Visual Studio Solution File, Format Version 12.00
# Visual Studio Version 17
VisualStudioVersion = 17.1.32210.238
MinimumVisualStudioVersion = 10.0.40219.1
Project("{FAE04EC0-301F-11D3-BF4B-00C04F79EFBC}") = "Calculator", "Calculator\Calculator.csproj", "{6E433EE1-B79E-4FA3-9226-8AF369537737}"
EndProject
Project("{FAE04EC0-301F-11D3-BF4B-00C04F79EFBC}") = "MathTests", "MathTests\MathTests.csproj", "{3E0E7E3F-456D-4442-B179-380A904FFC04}"
EndProject
Project("{54435603-DBB4-11D2-8724-00A0C9A8B90C}") = "Setup", "Setup\Setup.vdproj", "{69D76861-3652-49C4-9908-7E44E57FF918}"
EndProject
Global
	GlobalSection(SolutionConfigurationPlatforms) = preSolution
		Debug|Any CPU = Debug|Any CPU
		Release|Any CPU = Release|Any CPU
	EndGlobalSection
	GlobalSection(ProjectConfigurationPlatforms) = postSolution
		{6E433EE1-B79E-4FA3-9226-8AF369537737}.Debug|Any CPU.ActiveCfg = Debug|Any CPU
		{6E433EE1-B79E-4FA3-9226-8AF369537737}.Debug|Any CPU.Build.0 = Debug|Any CPU
		{6E433EE1-B79E-4FA3-9226-8AF369537737}.Release|Any CPU.ActiveCfg = Release|Any CPU
		{6E433EE1-B79E-4FA3-9226-8AF369537737}.Release|Any CPU.Build.0 = Release|Any CPU
		{3E0E7E3F-456D-4442-B179-380A904FFC04}.Debug|Any CPU.ActiveCfg = Debug|Any CPU
		{3E0E7E3F-456D-4442-B179-380A904FFC04}.Debug|Any CPU.Build.0 = Debug|Any CPU
		{3E0E7E3F-456D-4442-B179-380A904FFC04}.Release|Any CPU.ActiveCfg = Release|Any CPU
		{3E0E7E3F-456D-4442-B179-380A904FFC04}.Release|Any CPU.Build.0 = Release|Any CPU
		{69D76861-3652-49C4-9908-7E44E57FF918}.Debug|Any CPU.ActiveCfg = Debug
		{69D76861-3652-49C4-9908-7E44E57FF918}.Release|Any CPU.ActiveCfg = Release
	EndGlobalSection
	GlobalSection(SolutionProperties) = preSolution
		HideSolutionNode = FALSE
	EndGlobalSection
	GlobalSection(ExtensibilityGlobals) = postSolution
		SolutionGuid = {B65F5AA7-5593-4528-9EED-A27EABCF4EF4}
	EndGlobalSection
EndGlobal
